// !$*UTF8*$!
{
	archiveVersion = 1;
	classes = {
	};
	objectVersion = 56;
	objects = {

/* Begin PBXBuildFile section */
		2FD88FF22939516C00F6E9DA /* AppDelegate.swift in Sources */ = {isa = PBXBuildFile; fileRef = 2FD88FF12939516C00F6E9DA /* AppDelegate.swift */; };
		2FD88FF42939516C00F6E9DA /* SceneDelegate.swift in Sources */ = {isa = PBXBuildFile; fileRef = 2FD88FF32939516C00F6E9DA /* SceneDelegate.swift */; };
		2FD88FF62939516C00F6E9DA /* ViewController.swift in Sources */ = {isa = PBXBuildFile; fileRef = 2FD88FF52939516C00F6E9DA /* ViewController.swift */; };
		2FD88FF92939516C00F6E9DA /* Main.storyboard in Resources */ = {isa = PBXBuildFile; fileRef = 2FD88FF72939516C00F6E9DA /* Main.storyboard */; };
		2FD88FFB2939516D00F6E9DA /* Assets.xcassets in Resources */ = {isa = PBXBuildFile; fileRef = 2FD88FFA2939516D00F6E9DA /* Assets.xcassets */; };
		2FD88FFE2939516D00F6E9DA /* LaunchScreen.storyboard in Resources */ = {isa = PBXBuildFile; fileRef = 2FD88FFC2939516D00F6E9DA /* LaunchScreen.storyboard */; };
		2FD8900829395B2400F6E9DA /* FirstTableViewController.swift in Sources */ = {isa = PBXBuildFile; fileRef = 2FD8900729395B2400F6E9DA /* FirstTableViewController.swift */; };
		2FD8900A29395B4600F6E9DA /* SecondTableViewController.swift in Sources */ = {isa = PBXBuildFile; fileRef = 2FD8900929395B4600F6E9DA /* SecondTableViewController.swift */; };
		2FD8900E293966BA00F6E9DA /* Person.swift in Sources */ = {isa = PBXBuildFile; fileRef = 2FD8900D293966BA00F6E9DA /* Person.swift */; };
		2FD8901029397C4B00F6E9DA /* CustomTableViewCell.swift in Sources */ = {isa = PBXBuildFile; fileRef = 2FD8900F29397C4B00F6E9DA /* CustomTableViewCell.swift */; };
/* End PBXBuildFile section */

/* Begin PBXFileReference section */
		2FD88FEE2939516C00F6E9DA /* TercerProyecto.app */ = {isa = PBXFileReference; explicitFileType = wrapper.application; includeInIndex = 0; path = TercerProyecto.app; sourceTree = BUILT_PRODUCTS_DIR; };
		2FD88FF12939516C00F6E9DA /* AppDelegate.swift */ = {isa = PBXFileReference; lastKnownFileType = sourcecode.swift; path = AppDelegate.swift; sourceTree = "<group>"; };
		2FD88FF32939516C00F6E9DA /* SceneDelegate.swift */ = {isa = PBXFileReference; lastKnownFileType = sourcecode.swift; path = SceneDelegate.swift; sourceTree = "<group>"; };
		2FD88FF52939516C00F6E9DA /* ViewController.swift */ = {isa = PBXFileReference; lastKnownFileType = sourcecode.swift; path = ViewController.swift; sourceTree = "<group>"; };
		2FD88FF82939516C00F6E9DA /* Base */ = {isa = PBXFileReference; lastKnownFileType = file.storyboard; name = Base; path = Base.lproj/Main.storyboard; sourceTree = "<group>"; };
		2FD88FFA2939516D00F6E9DA /* Assets.xcassets */ = {isa = PBXFileReference; lastKnownFileType = folder.assetcatalog; path = Assets.xcassets; sourceTree = "<group>"; };
		2FD88FFD2939516D00F6E9DA /* Base */ = {isa = PBXFileReference; lastKnownFileType = file.storyboard; name = Base; path = Base.lproj/LaunchScreen.storyboard; sourceTree = "<group>"; };
		2FD88FFF2939516D00F6E9DA /* Info.plist */ = {isa = PBXFileReference; lastKnownFileType = text.plist.xml; path = Info.plist; sourceTree = "<group>"; };
		2FD8900729395B2400F6E9DA /* FirstTableViewController.swift */ = {isa = PBXFileReference; lastKnownFileType = sourcecode.swift; path = FirstTableViewController.swift; sourceTree = "<group>"; };
		2FD8900929395B4600F6E9DA /* SecondTableViewController.swift */ = {isa = PBXFileReference; lastKnownFileType = sourcecode.swift; path = SecondTableViewController.swift; sourceTree = "<group>"; };
		2FD8900D293966BA00F6E9DA /* Person.swift */ = {isa = PBXFileReference; lastKnownFileType = sourcecode.swift; path = Person.swift; sourceTree = "<group>"; };
		2FD8900F29397C4B00F6E9DA /* CustomTableViewCell.swift */ = {isa = PBXFileReference; lastKnownFileType = sourcecode.swift; path = CustomTableViewCell.swift; sourceTree = "<group>"; };
/* End PBXFileReference section */

/* Begin PBXFrameworksBuildPhase section */
		2FD88FEB2939516C00F6E9DA /* Frameworks */ = {
			isa = PBXFrameworksBuildPhase;
			buildActionMask = 2147483647;
			files = (
			);
			runOnlyForDeploymentPostprocessing = 0;
		};
/* End PBXFrameworksBuildPhase section */

/* Begin PBXGroup section */
		2FD88FE52939516C00F6E9DA = {
			isa = PBXGroup;
			children = (
				2FD88FF02939516C00F6E9DA /* TercerProyecto */,
				2FD88FEF2939516C00F6E9DA /* Products */,
			);
			sourceTree = "<group>";
		};
		2FD88FEF2939516C00F6E9DA /* Products */ = {
			isa = PBXGroup;
			children = (
				2FD88FEE2939516C00F6E9DA /* TercerProyecto.app */,
			);
			name = Products;
			sourceTree = "<group>";
		};
		2FD88FF02939516C00F6E9DA /* TercerProyecto */ = {
			isa = PBXGroup;
			children = (
				2FD88FF12939516C00F6E9DA /* AppDelegate.swift */,
				2FD88FF32939516C00F6E9DA /* SceneDelegate.swift */,
				2FD88FF52939516C00F6E9DA /* ViewController.swift */,
				2FD88FF72939516C00F6E9DA /* Main.storyboard */,
				2FD88FFA2939516D00F6E9DA /* Assets.xcassets */,
				2FD88FFC2939516D00F6E9DA /* LaunchScreen.storyboard */,
				2FD88FFF2939516D00F6E9DA /* Info.plist */,
				2FD8900729395B2400F6E9DA /* FirstTableViewController.swift */,
				2FD8900929395B4600F6E9DA /* SecondTableViewController.swift */,
				2FD8900D293966BA00F6E9DA /* Person.swift */,
				2FD8900F29397C4B00F6E9DA /* CustomTableViewCell.swift */,
			);
			path = TercerProyecto;
			sourceTree = "<group>";
		};
/* End PBXGroup section */

/* Begin PBXNativeTarget section */
		2FD88FED2939516C00F6E9DA /* TercerProyecto */ = {
			isa = PBXNativeTarget;
			buildConfigurationList = 2FD890022939516D00F6E9DA /* Build configuration list for PBXNativeTarget "TercerProyecto" */;
			buildPhases = (
				2FD88FEA2939516C00F6E9DA /* Sources */,
				2FD88FEB2939516C00F6E9DA /* Frameworks */,
				2FD88FEC2939516C00F6E9DA /* Resources */,
			);
			buildRules = (
			);
			dependencies = (
			);
			name = TercerProyecto;
			productName = TercerProyecto;
			productReference = 2FD88FEE2939516C00F6E9DA /* TercerProyecto.app */;
			productType = "com.apple.product-type.application";
		};
/* End PBXNativeTarget section */

/* Begin PBXProject section */
		2FD88FE62939516C00F6E9DA /* Project object */ = {
			isa = PBXProject;
			attributes = {
				BuildIndependentTargetsInParallel = 1;
				LastSwiftUpdateCheck = 1410;
				LastUpgradeCheck = 1410;
				TargetAttributes = {
					2FD88FED2939516C00F6E9DA = {
						CreatedOnToolsVersion = 14.1;
					};
				};
			};
			buildConfigurationList = 2FD88FE92939516C00F6E9DA /* Build configuration list for PBXProject "TercerProyecto" */;
			compatibilityVersion = "Xcode 14.0";
			developmentRegion = en;
			hasScannedForEncodings = 0;
			knownRegions = (
				en,
				Base,
			);
			mainGroup = 2FD88FE52939516C00F6E9DA;
			productRefGroup = 2FD88FEF2939516C00F6E9DA /* Products */;
			projectDirPath = "";
			projectRoot = "";
			targets = (
				2FD88FED2939516C00F6E9DA /* TercerProyecto */,
			);
		};
/* End PBXProject section */

/* Begin PBXResourcesBuildPhase section */
		2FD88FEC2939516C00F6E9DA /* Resources */ = {
			isa = PBXResourcesBuildPhase;
			buildActionMask = 2147483647;
			files = (
				2FD88FFE2939516D00F6E9DA /* LaunchScreen.storyboard in Resources */,
				2FD88FFB2939516D00F6E9DA /* Assets.xcassets in Resources */,
				2FD88FF92939516C00F6E9DA /* Main.storyboard in Resources */,
			);
			runOnlyForDeploymentPostprocessing = 0;
		};
/* End PBXResourcesBuildPhase section */

/* Begin PBXSourcesBuildPhase section */
		2FD88FEA2939516C00F6E9DA /* Sources */ = {
			isa = PBXSourcesBuildPhase;
			buildActionMask = 2147483647;
			files = (
				2FD8900E293966BA00F6E9DA /* Person.swift in Sources */,
				2FD88FF62939516C00F6E9DA /* ViewController.swift in Sources */,
				2FD88FF22939516C00F6E9DA /* AppDelegate.swift in Sources */,
				2FD8901029397C4B00F6E9DA /* CustomTableViewCell.swift in Sources */,
				2FD8900A29395B4600F6E9DA /* SecondTableViewController.swift in Sources */,
				2FD88FF42939516C00F6E9DA /* SceneDelegate.swift in Sources */,
				2FD8900829395B2400F6E9DA /* FirstTableViewController.swift in Sources */,
			);
			runOnlyForDeploymentPostprocessing = 0;
		};
/* End PBXSourcesBuildPhase section */

/* Begin PBXVariantGroup section */
		2FD88FF72939516C00F6E9DA /* Main.storyboard */ = {
			isa = PBXVariantGroup;
			children = (
				2FD88FF82939516C00F6E9DA /* Base */,
			);
			name = Main.storyboard;
			sourceTree = "<group>";
		};
		2FD88FFC2939516D00F6E9DA /* LaunchScreen.storyboard */ = {
			isa = PBXVariantGroup;
			children = (
				2FD88FFD2939516D00F6E9DA /* Base */,
			);
			name = LaunchScreen.storyboard;
			sourceTree = "<group>";
		};
/* End PBXVariantGroup section */

/* Begin XCBuildConfiguration section */
		2FD890002939516D00F6E9DA /* Debug */ = {
			isa = XCBuildConfiguration;
			buildSettings = {
				ALWAYS_SEARCH_USER_PATHS = NO;
				CLANG_ANALYZER_NONNULL = YES;
				CLANG_ANALYZER_NUMBER_OBJECT_CONVERSION = YES_AGGRESSIVE;
				CLANG_CXX_LANGUAGE_STANDARD = "gnu++20";
				CLANG_ENABLE_MODULES = YES;
				CLANG_ENABLE_OBJC_ARC = YES;
				CLANG_ENABLE_OBJC_WEAK = YES;
				CLANG_WARN_BLOCK_CAPTURE_AUTORELEASING = YES;
				CLANG_WARN_BOOL_CONVERSION = YES;
				CLANG_WARN_COMMA = YES;
				CLANG_WARN_CONSTANT_CONVERSION = YES;
				CLANG_WARN_DEPRECATED_OBJC_IMPLEMENTATIONS = YES;
				CLANG_WARN_DIRECT_OBJC_ISA_USAGE = YES_ERROR;
				CLANG_WARN_DOCUMENTATION_COMMENTS = YES;
				CLANG_WARN_EMPTY_BODY = YES;
				CLANG_WARN_ENUM_CONVERSION = YES;
				CLANG_WARN_INFINITE_RECURSION = YES;
				CLANG_WARN_INT_CONVERSION = YES;
				CLANG_WARN_NON_LITERAL_NULL_CONVERSION = YES;
				CLANG_WARN_OBJC_IMPLICIT_RETAIN_SELF = YES;
				CLANG_WARN_OBJC_LITERAL_CONVERSION = YES;
				CLANG_WARN_OBJC_ROOT_CLASS = YES_ERROR;
				CLANG_WARN_QUOTED_INCLUDE_IN_FRAMEWORK_HEADER = YES;
				CLANG_WARN_RANGE_LOOP_ANALYSIS = YES;
				CLANG_WARN_STRICT_PROTOTYPES = YES;
				CLANG_WARN_SUSPICIOUS_MOVE = YES;
				CLANG_WARN_UNGUARDED_AVAILABILITY = YES_AGGRESSIVE;
				CLANG_WARN_UNREACHABLE_CODE = YES;
				CLANG_WARN__DUPLICATE_METHOD_MATCH = YES;
				COPY_PHASE_STRIP = NO;
				DEBUG_INFORMATION_FORMAT = dwarf;
				ENABLE_STRICT_OBJC_MSGSEND = YES;
				ENABLE_TESTABILITY = YES;
				GCC_C_LANGUAGE_STANDARD = gnu11;
				GCC_DYNAMIC_NO_PIC = NO;
				GCC_NO_COMMON_BLOCKS = YES;
				GCC_OPTIMIZATION_LEVEL = 0;
				GCC_PREPROCESSOR_DEFINITIONS = (
					"DEBUG=1",
					"$(inherited)",
				);
				GCC_WARN_64_TO_32_BIT_CONVERSION = YES;
				GCC_WARN_ABOUT_RETURN_TYPE = YES_ERROR;
				GCC_WARN_UNDECLARED_SELECTOR = YES;
				GCC_WARN_UNINITIALIZED_AUTOS = YES_AGGRESSIVE;
				GCC_WARN_UNUSED_FUNCTION = YES;
				GCC_WARN_UNUSED_VARIABLE = YES;
				IPHONEOS_DEPLOYMENT_TARGET = 16.1;
				MTL_ENABLE_DEBUG_INFO = INCLUDE_SOURCE;
				MTL_FAST_MATH = YES;
				ONLY_ACTIVE_ARCH = YES;
				SDKROOT = iphoneos;
				SWIFT_ACTIVE_COMPILATION_CONDITIONS = DEBUG;
				SWIFT_OPTIMIZATION_LEVEL = "-Onone";
			};
			name = Debug;
		};
		2FD890012939516D00F6E9DA /* Release */ = {
			isa = XCBuildConfiguration;
			buildSettings = {
				ALWAYS_SEARCH_USER_PATHS = NO;
				CLANG_ANALYZER_NONNULL = YES;
				CLANG_ANALYZER_NUMBER_OBJECT_CONVERSION = YES_AGGRESSIVE;
				CLANG_CXX_LANGUAGE_STANDARD = "gnu++20";
				CLANG_ENABLE_MODULES = YES;
				CLANG_ENABLE_OBJC_ARC = YES;
				CLANG_ENABLE_OBJC_WEAK = YES;
				CLANG_WARN_BLOCK_CAPTURE_AUTORELEASING = YES;
				CLANG_WARN_BOOL_CONVERSION = YES;
				CLANG_WARN_COMMA = YES;
				CLANG_WARN_CONSTANT_CONVERSION = YES;
				CLANG_WARN_DEPRECATED_OBJC_IMPLEMENTATIONS = YES;
				CLANG_WARN_DIRECT_OBJC_ISA_USAGE = YES_ERROR;
				CLANG_WARN_DOCUMENTATION_COMMENTS = YES;
				CLANG_WARN_EMPTY_BODY = YES;
				CLANG_WARN_ENUM_CONVERSION = YES;
				CLANG_WARN_INFINITE_RECURSION = YES;
				CLANG_WARN_INT_CONVERSION = YES;
				CLANG_WARN_NON_LITERAL_NULL_CONVERSION = YES;
				CLANG_WARN_OBJC_IMPLICIT_RETAIN_SELF = YES;
				CLANG_WARN_OBJC_LITERAL_CONVERSION = YES;
				CLANG_WARN_OBJC_ROOT_CLASS = YES_ERROR;
				CLANG_WARN_QUOTED_INCLUDE_IN_FRAMEWORK_HEADER = YES;
				CLANG_WARN_RANGE_LOOP_ANALYSIS = YES;
				CLANG_WARN_STRICT_PROTOTYPES = YES;
				CLANG_WARN_SUSPICIOUS_MOVE = YES;
				CLANG_WARN_UNGUARDED_AVAILABILITY = YES_AGGRESSIVE;
				CLANG_WARN_UNREACHABLE_CODE = YES;
				CLANG_WARN__DUPLICATE_METHOD_MATCH = YES;
				COPY_PHASE_STRIP = NO;
				DEBUG_INFORMATION_FORMAT = "dwarf-with-dsym";
				ENABLE_NS_ASSERTIONS = NO;
				ENABLE_STRICT_OBJC_MSGSEND = YES;
				GCC_C_LANGUAGE_STANDARD = gnu11;
				GCC_NO_COMMON_BLOCKS = YES;
				GCC_WARN_64_TO_32_BIT_CONVERSION = YES;
				GCC_WARN_ABOUT_RETURN_TYPE = YES_ERROR;
				GCC_WARN_UNDECLARED_SELECTOR = YES;
				GCC_WARN_UNINITIALIZED_AUTOS = YES_AGGRESSIVE;
				GCC_WARN_UNUSED_FUNCTION = YES;
				GCC_WARN_UNUSED_VARIABLE = YES;
				IPHONEOS_DEPLOYMENT_TARGET = 16.1;
				MTL_ENABLE_DEBUG_INFO = NO;
				MTL_FAST_MATH = YES;
				SDKROOT = iphoneos;
				SWIFT_COMPILATION_MODE = wholemodule;
				SWIFT_OPTIMIZATION_LEVEL = "-O";
				VALIDATE_PRODUCT = YES;
			};
			name = Release;
		};
		2FD890032939516D00F6E9DA /* Debug */ = {
			isa = XCBuildConfiguration;
			buildSettings = {
				ASSETCATALOG_COMPILER_APPICON_NAME = AppIcon;
				ASSETCATALOG_COMPILER_GLOBAL_ACCENT_COLOR_NAME = AccentColor;
				CODE_SIGN_STYLE = Automatic;
				CURRENT_PROJECT_VERSION = 1;
				DEVELOPMENT_TEAM = 7BU9NGAMJ6;
				GENERATE_INFOPLIST_FILE = YES;
				INFOPLIST_FILE = TercerProyecto/Info.plist;
				INFOPLIST_KEY_UIApplicationSupportsIndirectInputEvents = YES;
				INFOPLIST_KEY_UILaunchStoryboardName = LaunchScreen;
				INFOPLIST_KEY_UIMainStoryboardFile = Main;
				INFOPLIST_KEY_UISupportedInterfaceOrientations_iPad = "UIInterfaceOrientationPortrait UIInterfaceOrientationPortraitUpsideDown UIInterfaceOrientationLandscapeLeft UIInterfaceOrientationLandscapeRight";
				INFOPLIST_KEY_UISupportedInterfaceOrientations_iPhone = "UIInterfaceOrientationPortrait UIInterfaceOrientationLandscapeLeft UIInterfaceOrientationLandscapeRight";
				LD_RUNPATH_SEARCH_PATHS = (
					"$(inherited)",
					"@executable_path/Frameworks",
				);
				MARKETING_VERSION = 1.0;
				PRODUCT_BUNDLE_IDENTIFIER = BootcampNTTData.TercerProyecto;
				PRODUCT_NAME = "$(TARGET_NAME)";
				SWIFT_EMIT_LOC_STRINGS = YES;
				SWIFT_VERSION = 5.0;
				TARGETED_DEVICE_FAMILY = "1,2";
			};
			name = Debug;
		};
		2FD890042939516D00F6E9DA /* Release */ = {
			isa = XCBuildConfiguration;
			buildSettings = {
				ASSETCATALOG_COMPILER_APPICON_NAME = AppIcon;
				ASSETCATALOG_COMPILER_GLOBAL_ACCENT_COLOR_NAME = AccentColor;
				CODE_SIGN_STYLE = Automatic;
				CURRENT_PROJECT_VERSION = 1;
				DEVELOPMENT_TEAM = 7BU9NGAMJ6;
				GENERATE_INFOPLIST_FILE = YES;
				INFOPLIST_FILE = TercerProyecto/Info.plist;
				INFOPLIST_KEY_UIApplicationSupportsIndirectInputEvents = YES;
				INFOPLIST_KEY_UILaunchStoryboardName = LaunchScreen;
				INFOPLIST_KEY_UIMainStoryboardFile = Main;
				INFOPLIST_KEY_UISupportedInterfaceOrientations_iPad = "UIInterfaceOrientationPortrait UIInterfaceOrientationPortraitUpsideDown UIInterfaceOrientationLandscapeLeft UIInterfaceOrientationLandscapeRight";
				INFOPLIST_KEY_UISupportedInterfaceOrientations_iPhone = "UIInterfaceOrientationPortrait UIInterfaceOrientationLandscapeLeft UIInterfaceOrientationLandscapeRight";
				LD_RUNPATH_SEARCH_PATHS = (
					"$(inherited)",
					"@executable_path/Frameworks",
				);
				MARKETING_VERSION = 1.0;
				PRODUCT_BUNDLE_IDENTIFIER = BootcampNTTData.TercerProyecto;
				PRODUCT_NAME = "$(TARGET_NAME)";
				SWIFT_EMIT_LOC_STRINGS = YES;
				SWIFT_VERSION = 5.0;
				TARGETED_DEVICE_FAMILY = "1,2";
			};
			name = Release;
		};
/* End XCBuildConfiguration section */

/* Begin XCConfigurationList section */
		2FD88FE92939516C00F6E9DA /* Build configuration list for PBXProject "TercerProyecto" */ = {
			isa = XCConfigurationList;
			buildConfigurations = (
				2FD890002939516D00F6E9DA /* Debug */,
				2FD890012939516D00F6E9DA /* Release */,
			);
			defaultConfigurationIsVisible = 0;
			defaultConfigurationName = Release;
		};
		2FD890022939516D00F6E9DA /* Build configuration list for PBXNativeTarget "TercerProyecto" */ = {
			isa = XCConfigurationList;
			buildConfigurations = (
				2FD890032939516D00F6E9DA /* Debug */,
				2FD890042939516D00F6E9DA /* Release */,
			);
			defaultConfigurationIsVisible = 0;
			defaultConfigurationName = Release;
		};
/* End XCConfigurationList section */
	};
	rootObject = 2FD88FE62939516C00F6E9DA /* Project object */;
}
